// !$*UTF8*$!
{
	archiveVersion = 1;
	classes = {
	};
	objectVersion = 50;
	objects = {

/* Begin PBXBuildFile section */
		ED25ED3E217518BD00696691 /* AppDelegate.swift in Sources */ = {isa = PBXBuildFile; fileRef = ED25ED3D217518BD00696691 /* AppDelegate.swift */; };
		ED25ED40217518BD00696691 /* ViewController.swift in Sources */ = {isa = PBXBuildFile; fileRef = ED25ED3F217518BD00696691 /* ViewController.swift */; };
		ED25ED43217518BD00696691 /* Main.storyboard in Resources */ = {isa = PBXBuildFile; fileRef = ED25ED41217518BD00696691 /* Main.storyboard */; };
		ED25ED45217518C300696691 /* Assets.xcassets in Resources */ = {isa = PBXBuildFile; fileRef = ED25ED44217518C300696691 /* Assets.xcassets */; };
		ED25ED48217518C300696691 /* LaunchScreen.storyboard in Resources */ = {isa = PBXBuildFile; fileRef = ED25ED46217518C300696691 /* LaunchScreen.storyboard */; };
		ED25ED53217518C300696691 /* testGitTests.swift in Sources */ = {isa = PBXBuildFile; fileRef = ED25ED52217518C300696691 /* testGitTests.swift */; };
		ED25ED5E217518C300696691 /* testGitUITests.swift in Sources */ = {isa = PBXBuildFile; fileRef = ED25ED5D217518C300696691 /* testGitUITests.swift */; };
/* End PBXBuildFile section */

/* Begin PBXContainerItemProxy section */
		ED25ED4F217518C300696691 /* PBXContainerItemProxy */ = {
			isa = PBXContainerItemProxy;
			containerPortal = ED25ED32217518BD00696691 /* Project object */;
			proxyType = 1;
			remoteGlobalIDString = ED25ED39217518BD00696691;
			remoteInfo = testGit;
		};
		ED25ED5A217518C300696691 /* PBXContainerItemProxy */ = {
			isa = PBXContainerItemProxy;
			containerPortal = ED25ED32217518BD00696691 /* Project object */;
			proxyType = 1;
			remoteGlobalIDString = ED25ED39217518BD00696691;
			remoteInfo = testGit;
		};
/* End PBXContainerItemProxy section */

/* Begin PBXFileReference section */
		ED25ED3A217518BD00696691 /* testGit.app */ = {isa = PBXFileReference; explicitFileType = wrapper.application; includeInIndex = 0; path = testGit.app; sourceTree = BUILT_PRODUCTS_DIR; };
		ED25ED3D217518BD00696691 /* AppDelegate.swift */ = {isa = PBXFileReference; lastKnownFileType = sourcecode.swift; path = AppDelegate.swift; sourceTree = "<group>"; };
		ED25ED3F217518BD00696691 /* ViewController.swift */ = {isa = PBXFileReference; lastKnownFileType = sourcecode.swift; path = ViewController.swift; sourceTree = "<group>"; };
		ED25ED42217518BD00696691 /* Base */ = {isa = PBXFileReference; lastKnownFileType = file.storyboard; name = Base; path = Base.lproj/Main.storyboard; sourceTree = "<group>"; };
		ED25ED44217518C300696691 /* Assets.xcassets */ = {isa = PBXFileReference; lastKnownFileType = folder.assetcatalog; path = Assets.xcassets; sourceTree = "<group>"; };
		ED25ED47217518C300696691 /* Base */ = {isa = PBXFileReference; lastKnownFileType = file.storyboard; name = Base; path = Base.lproj/LaunchScreen.storyboard; sourceTree = "<group>"; };
		ED25ED49217518C300696691 /* Info.plist */ = {isa = PBXFileReference; lastKnownFileType = text.plist.xml; path = Info.plist; sourceTree = "<group>"; };
		ED25ED4E217518C300696691 /* testGitTests.xctest */ = {isa = PBXFileReference; explicitFileType = wrapper.cfbundle; includeInIndex = 0; path = testGitTests.xctest; sourceTree = BUILT_PRODUCTS_DIR; };
		ED25ED52217518C300696691 /* testGitTests.swift */ = {isa = PBXFileReference; lastKnownFileType = sourcecode.swift; path = testGitTests.swift; sourceTree = "<group>"; };
		ED25ED54217518C300696691 /* Info.plist */ = {isa = PBXFileReference; lastKnownFileType = text.plist.xml; path = Info.plist; sourceTree = "<group>"; };
		ED25ED59217518C300696691 /* testGitUITests.xctest */ = {isa = PBXFileReference; explicitFileType = wrapper.cfbundle; includeInIndex = 0; path = testGitUITests.xctest; sourceTree = BUILT_PRODUCTS_DIR; };
		ED25ED5D217518C300696691 /* testGitUITests.swift */ = {isa = PBXFileReference; lastKnownFileType = sourcecode.swift; path = testGitUITests.swift; sourceTree = "<group>"; };
		ED25ED5F217518C300696691 /* Info.plist */ = {isa = PBXFileReference; lastKnownFileType = text.plist.xml; path = Info.plist; sourceTree = "<group>"; };
/* End PBXFileReference section */

/* Begin PBXFrameworksBuildPhase section */
		ED25ED37217518BD00696691 /* Frameworks */ = {
			isa = PBXFrameworksBuildPhase;
			buildActionMask = 2147483647;
			files = (
			);
			runOnlyForDeploymentPostprocessing = 0;
		};
		ED25ED4B217518C300696691 /* Frameworks */ = {
			isa = PBXFrameworksBuildPhase;
			buildActionMask = 2147483647;
			files = (
			);
			runOnlyForDeploymentPostprocessing = 0;
		};
		ED25ED56217518C300696691 /* Frameworks */ = {
			isa = PBXFrameworksBuildPhase;
			buildActionMask = 2147483647;
			files = (
			);
			runOnlyForDeploymentPostprocessing = 0;
		};
/* End PBXFrameworksBuildPhase section */

/* Begin PBXGroup section */
		ED25ED31217518BD00696691 = {
			isa = PBXGroup;
			children = (
				ED25ED3C217518BD00696691 /* testGit */,
				ED25ED51217518C300696691 /* testGitTests */,
				ED25ED5C217518C300696691 /* testGitUITests */,
				ED25ED3B217518BD00696691 /* Products */,
			);
			sourceTree = "<group>";
		};
		ED25ED3B217518BD00696691 /* Products */ = {
			isa = PBXGroup;
			children = (
				ED25ED3A217518BD00696691 /* testGit.app */,
				ED25ED4E217518C300696691 /* testGitTests.xctest */,
				ED25ED59217518C300696691 /* testGitUITests.xctest */,
			);
			name = Products;
			sourceTree = "<group>";
		};
		ED25ED3C217518BD00696691 /* testGit */ = {
			isa = PBXGroup;
			children = (
				ED25ED3D217518BD00696691 /* AppDelegate.swift */,
				ED25ED3F217518BD00696691 /* ViewController.swift */,
				ED25ED41217518BD00696691 /* Main.storyboard */,
				ED25ED44217518C300696691 /* Assets.xcassets */,
				ED25ED46217518C300696691 /* LaunchScreen.storyboard */,
				ED25ED49217518C300696691 /* Info.plist */,
			);
			path = testGit;
			sourceTree = "<group>";
		};
		ED25ED51217518C300696691 /* testGitTests */ = {
			isa = PBXGroup;
			children = (
				ED25ED52217518C300696691 /* testGitTests.swift */,
				ED25ED54217518C300696691 /* Info.plist */,
			);
			path = testGitTests;
			sourceTree = "<group>";
		};
		ED25ED5C217518C300696691 /* testGitUITests */ = {
			isa = PBXGroup;
			children = (
				ED25ED5D217518C300696691 /* testGitUITests.swift */,
				ED25ED5F217518C300696691 /* Info.plist */,
			);
			path = testGitUITests;
			sourceTree = "<group>";
		};
/* End PBXGroup section */

/* Begin PBXNativeTarget section */
		ED25ED39217518BD00696691 /* testGit */ = {
			isa = PBXNativeTarget;
			buildConfigurationList = ED25ED62217518C300696691 /* Build configuration list for PBXNativeTarget "testGit" */;
			buildPhases = (
				ED25ED36217518BD00696691 /* Sources */,
				ED25ED37217518BD00696691 /* Frameworks */,
				ED25ED38217518BD00696691 /* Resources */,
			);
			buildRules = (
			);
			dependencies = (
			);
			name = testGit;
			productName = testGit;
			productReference = ED25ED3A217518BD00696691 /* testGit.app */;
			productType = "com.apple.product-type.application";
		};
		ED25ED4D217518C300696691 /* testGitTests */ = {
			isa = PBXNativeTarget;
			buildConfigurationList = ED25ED65217518C300696691 /* Build configuration list for PBXNativeTarget "testGitTests" */;
			buildPhases = (
				ED25ED4A217518C300696691 /* Sources */,
				ED25ED4B217518C300696691 /* Frameworks */,
				ED25ED4C217518C300696691 /* Resources */,
			);
			buildRules = (
			);
			dependencies = (
				ED25ED50217518C300696691 /* PBXTargetDependency */,
			);
			name = testGitTests;
			productName = testGitTests;
			productReference = ED25ED4E217518C300696691 /* testGitTests.xctest */;
			productType = "com.apple.product-type.bundle.unit-test";
		};
		ED25ED58217518C300696691 /* testGitUITests */ = {
			isa = PBXNativeTarget;
			buildConfigurationList = ED25ED68217518C300696691 /* Build configuration list for PBXNativeTarget "testGitUITests" */;
			buildPhases = (
				ED25ED55217518C300696691 /* Sources */,
				ED25ED56217518C300696691 /* Frameworks */,
				ED25ED57217518C300696691 /* Resources */,
			);
			buildRules = (
			);
			dependencies = (
				ED25ED5B217518C300696691 /* PBXTargetDependency */,
			);
			name = testGitUITests;
			productName = testGitUITests;
			productReference = ED25ED59217518C300696691 /* testGitUITests.xctest */;
			productType = "com.apple.product-type.bundle.ui-testing";
		};
/* End PBXNativeTarget section */

/* Begin PBXProject section */
		ED25ED32217518BD00696691 /* Project object */ = {
			isa = PBXProject;
			attributes = {
				LastSwiftUpdateCheck = 0940;
				LastUpgradeCheck = 0940;
				ORGANIZATIONNAME = kirill;
				TargetAttributes = {
					ED25ED39217518BD00696691 = {
						CreatedOnToolsVersion = 9.4.1;
					};
					ED25ED4D217518C300696691 = {
						CreatedOnToolsVersion = 9.4.1;
						TestTargetID = ED25ED39217518BD00696691;
					};
					ED25ED58217518C300696691 = {
						CreatedOnToolsVersion = 9.4.1;
						TestTargetID = ED25ED39217518BD00696691;
					};
				};
			};
			buildConfigurationList = ED25ED35217518BD00696691 /* Build configuration list for PBXProject "testGit" */;
			compatibilityVersion = "Xcode 9.3";
			developmentRegion = en;
			hasScannedForEncodings = 0;
			knownRegions = (
				en,
				Base,
			);
			mainGroup = ED25ED31217518BD00696691;
			productRefGroup = ED25ED3B217518BD00696691 /* Products */;
			projectDirPath = "";
			projectRoot = "";
			targets = (
				ED25ED39217518BD00696691 /* testGit */,
				ED25ED4D217518C300696691 /* testGitTests */,
				ED25ED58217518C300696691 /* testGitUITests */,
			);
		};
/* End PBXProject section */

/* Begin PBXResourcesBuildPhase section */
		ED25ED38217518BD00696691 /* Resources */ = {
			isa = PBXResourcesBuildPhase;
			buildActionMask = 2147483647;
			files = (
				ED25ED48217518C300696691 /* LaunchScreen.storyboard in Resources */,
				ED25ED45217518C300696691 /* Assets.xcassets in Resources */,
				ED25ED43217518BD00696691 /* Main.storyboard in Resources */,
			);
			runOnlyForDeploymentPostprocessing = 0;
		};
		ED25ED4C217518C300696691 /* Resources */ = {
			isa = PBXResourcesBuildPhase;
			buildActionMask = 2147483647;
			files = (
			);
			runOnlyForDeploymentPostprocessing = 0;
		};
		ED25ED57217518C300696691 /* Resources */ = {
			isa = PBXResourcesBuildPhase;
			buildActionMask = 2147483647;
			files = (
			);
			runOnlyForDeploymentPostprocessing = 0;
		};
/* End PBXResourcesBuildPhase section */

/* Begin PBXSourcesBuildPhase section */
		ED25ED36217518BD00696691 /* Sources */ = {
			isa = PBXSourcesBuildPhase;
			buildActionMask = 2147483647;
			files = (
				ED25ED40217518BD00696691 /* ViewController.swift in Sources */,
				ED25ED3E217518BD00696691 /* AppDelegate.swift in Sources */,
			);
			runOnlyForDeploymentPostprocessing = 0;
		};
		ED25ED4A217518C300696691 /* Sources */ = {
			isa = PBXSourcesBuildPhase;
			buildActionMask = 2147483647;
			files = (
				ED25ED53217518C300696691 /* testGitTests.swift in Sources */,
			);
			runOnlyForDeploymentPostprocessing = 0;
		};
		ED25ED55217518C300696691 /* Sources */ = {
			isa = PBXSourcesBuildPhase;
			buildActionMask = 2147483647;
			files = (
				ED25ED5E217518C300696691 /* testGitUITests.swift in Sources */,
			);
			runOnlyForDeploymentPostprocessing = 0;
		};
/* End PBXSourcesBuildPhase section */

/* Begin PBXTargetDependency section */
		ED25ED50217518C300696691 /* PBXTargetDependency */ = {
			isa = PBXTargetDependency;
			target = ED25ED39217518BD00696691 /* testGit */;
			targetProxy = ED25ED4F217518C300696691 /* PBXContainerItemProxy */;
		};
		ED25ED5B217518C300696691 /* PBXTargetDependency */ = {
			isa = PBXTargetDependency;
			target = ED25ED39217518BD00696691 /* testGit */;
			targetProxy = ED25ED5A217518C300696691 /* PBXContainerItemProxy */;
		};
/* End PBXTargetDependency section */

/* Begin PBXVariantGroup section */
		ED25ED41217518BD00696691 /* Main.storyboard */ = {
			isa = PBXVariantGroup;
			children = (
				ED25ED42217518BD00696691 /* Base */,
			);
			name = Main.storyboard;
			sourceTree = "<group>";
		};
		ED25ED46217518C300696691 /* LaunchScreen.storyboard */ = {
			isa = PBXVariantGroup;
			children = (
				ED25ED47217518C300696691 /* Base */,
			);
			name = LaunchScreen.storyboard;
			sourceTree = "<group>";
		};
/* End PBXVariantGroup section */

/* Begin XCBuildConfiguration section */
		ED25ED60217518C300696691 /* Debug */ = {
			isa = XCBuildConfiguration;
			buildSettings = {
				ALWAYS_SEARCH_USER_PATHS = NO;
				CLANG_ANALYZER_NONNULL = YES;
				CLANG_ANALYZER_NUMBER_OBJECT_CONVERSION = YES_AGGRESSIVE;
				CLANG_CXX_LANGUAGE_STANDARD = "gnu++14";
				CLANG_CXX_LIBRARY = "libc++";
				CLANG_ENABLE_MODULES = YES;
				CLANG_ENABLE_OBJC_ARC = YES;
				CLANG_ENABLE_OBJC_WEAK = YES;
				CLANG_WARN_BLOCK_CAPTURE_AUTORELEASING = YES;
				CLANG_WARN_BOOL_CONVERSION = YES;
				CLANG_WARN_COMMA = YES;
				CLANG_WARN_CONSTANT_CONVERSION = YES;
				CLANG_WARN_DEPRECATED_OBJC_IMPLEMENTATIONS = YES;
				CLANG_WARN_DIRECT_OBJC_ISA_USAGE = YES_ERROR;
				CLANG_WARN_DOCUMENTATION_COMMENTS = YES;
				CLANG_WARN_EMPTY_BODY = YES;
				CLANG_WARN_ENUM_CONVERSION = YES;
				CLANG_WARN_INFINITE_RECURSION = YES;
				CLANG_WARN_INT_CONVERSION = YES;
				CLANG_WARN_NON_LITERAL_NULL_CONVERSION = YES;
				CLANG_WARN_OBJC_IMPLICIT_RETAIN_SELF = YES;
				CLANG_WARN_OBJC_LITERAL_CONVERSION = YES;
				CLANG_WARN_OBJC_ROOT_CLASS = YES_ERROR;
				CLANG_WARN_RANGE_LOOP_ANALYSIS = YES;
				CLANG_WARN_STRICT_PROTOTYPES = YES;
				CLANG_WARN_SUSPICIOUS_MOVE = YES;
				CLANG_WARN_UNGUARDED_AVAILABILITY = YES_AGGRESSIVE;
				CLANG_WARN_UNREACHABLE_CODE = YES;
				CLANG_WARN__DUPLICATE_METHOD_MATCH = YES;
				CODE_SIGN_IDENTITY = "iPhone Developer";
				COPY_PHASE_STRIP = NO;
				DEBUG_INFORMATION_FORMAT = dwarf;
				ENABLE_STRICT_OBJC_MSGSEND = YES;
				ENABLE_TESTABILITY = YES;
				GCC_C_LANGUAGE_STANDARD = gnu11;
				GCC_DYNAMIC_NO_PIC = NO;
				GCC_NO_COMMON_BLOCKS = YES;
				GCC_OPTIMIZATION_LEVEL = 0;
				GCC_PREPROCESSOR_DEFINITIONS = (
					"DEBUG=1",
					"$(inherited)",
				);
				GCC_WARN_64_TO_32_BIT_CONVERSION = YES;
				GCC_WARN_ABOUT_RETURN_TYPE = YES_ERROR;
				GCC_WARN_UNDECLARED_SELECTOR = YES;
				GCC_WARN_UNINITIALIZED_AUTOS = YES_AGGRESSIVE;
				GCC_WARN_UNUSED_FUNCTION = YES;
				GCC_WARN_UNUSED_VARIABLE = YES;
				IPHONEOS_DEPLOYMENT_TARGET = 11.4;
				MTL_ENABLE_DEBUG_INFO = YES;
				ONLY_ACTIVE_ARCH = YES;
				SDKROOT = iphoneos;
				SWIFT_ACTIVE_COMPILATION_CONDITIONS = DEBUG;
				SWIFT_OPTIMIZATION_LEVEL = "-Onone";
			};
			name = Debug;
		};
		ED25ED61217518C300696691 /* Release */ = {
			isa = XCBuildConfiguration;
			buildSettings = {
				ALWAYS_SEARCH_USER_PATHS = NO;
				CLANG_ANALYZER_NONNULL = YES;
				CLANG_ANALYZER_NUMBER_OBJECT_CONVERSION = YES_AGGRESSIVE;
				CLANG_CXX_LANGUAGE_STANDARD = "gnu++14";
				CLANG_CXX_LIBRARY = "libc++";
				CLANG_ENABLE_MODULES = YES;
				CLANG_ENABLE_OBJC_ARC = YES;
				CLANG_ENABLE_OBJC_WEAK = YES;
				CLANG_WARN_BLOCK_CAPTURE_AUTORELEASING = YES;
				CLANG_WARN_BOOL_CONVERSION = YES;
				CLANG_WARN_COMMA = YES;
				CLANG_WARN_CONSTANT_CONVERSION = YES;
				CLANG_WARN_DEPRECATED_OBJC_IMPLEMENTATIONS = YES;
				CLANG_WARN_DIRECT_OBJC_ISA_USAGE = YES_ERROR;
				CLANG_WARN_DOCUMENTATION_COMMENTS = YES;
				CLANG_WARN_EMPTY_BODY = YES;
				CLANG_WARN_ENUM_CONVERSION = YES;
				CLANG_WARN_INFINITE_RECURSION = YES;
				CLANG_WARN_INT_CONVERSION = YES;
				CLANG_WARN_NON_LITERAL_NULL_CONVERSION = YES;
				CLANG_WARN_OBJC_IMPLICIT_RETAIN_SELF = YES;
				CLANG_WARN_OBJC_LITERAL_CONVERSION = YES;
				CLANG_WARN_OBJC_ROOT_CLASS = YES_ERROR;
				CLANG_WARN_RANGE_LOOP_ANALYSIS = YES;
				CLANG_WARN_STRICT_PROTOTYPES = YES;
				CLANG_WARN_SUSPICIOUS_MOVE = YES;
				CLANG_WARN_UNGUARDED_AVAILABILITY = YES_AGGRESSIVE;
				CLANG_WARN_UNREACHABLE_CODE = YES;
				CLANG_WARN__DUPLICATE_METHOD_MATCH = YES;
				CODE_SIGN_IDENTITY = "iPhone Developer";
				COPY_PHASE_STRIP = NO;
				DEBUG_INFORMATION_FORMAT = "dwarf-with-dsym";
				ENABLE_NS_ASSERTIONS = NO;
				ENABLE_STRICT_OBJC_MSGSEND = YES;
				GCC_C_LANGUAGE_STANDARD = gnu11;
				GCC_NO_COMMON_BLOCKS = YES;
				GCC_WARN_64_TO_32_BIT_CONVERSION = YES;
				GCC_WARN_ABOUT_RETURN_TYPE = YES_ERROR;
				GCC_WARN_UNDECLARED_SELECTOR = YES;
				GCC_WARN_UNINITIALIZED_AUTOS = YES_AGGRESSIVE;
				GCC_WARN_UNUSED_FUNCTION = YES;
				GCC_WARN_UNUSED_VARIABLE = YES;
				IPHONEOS_DEPLOYMENT_TARGET = 11.4;
				MTL_ENABLE_DEBUG_INFO = NO;
				SDKROOT = iphoneos;
				SWIFT_COMPILATION_MODE = wholemodule;
				SWIFT_OPTIMIZATION_LEVEL = "-O";
				VALIDATE_PRODUCT = YES;
			};
			name = Release;
		};
		ED25ED63217518C300696691 /* Debug */ = {
			isa = XCBuildConfiguration;
			buildSettings = {
				ASSETCATALOG_COMPILER_APPICON_NAME = AppIcon;
				CODE_SIGN_STYLE = Automatic;
				DEVELOPMENT_TEAM = 57DL29L85C;
				INFOPLIST_FILE = testGit/Info.plist;
				LD_RUNPATH_SEARCH_PATHS = (
					"$(inherited)",
					"@executable_path/Frameworks",
				);
				PRODUCT_BUNDLE_IDENTIFIER = krlldln.testGit;
				PRODUCT_NAME = "$(TARGET_NAME)";
				SWIFT_VERSION = 4.0;
				TARGETED_DEVICE_FAMILY = "1,2";
			};
			name = Debug;
		};
		ED25ED64217518C300696691 /* Release */ = {
			isa = XCBuildConfiguration;
			buildSettings = {
				ASSETCATALOG_COMPILER_APPICON_NAME = AppIcon;
				CODE_SIGN_STYLE = Automatic;
				DEVELOPMENT_TEAM = 57DL29L85C;
				INFOPLIST_FILE = testGit/Info.plist;
				LD_RUNPATH_SEARCH_PATHS = (
					"$(inherited)",
					"@executable_path/Frameworks",
				);
				PRODUCT_BUNDLE_IDENTIFIER = krlldln.testGit;
				PRODUCT_NAME = "$(TARGET_NAME)";
				SWIFT_VERSION = 4.0;
				TARGETED_DEVICE_FAMILY = "1,2";
			};
			name = Release;
		};
		ED25ED66217518C300696691 /* Debug */ = {
			isa = XCBuildConfiguration;
			buildSettings = {
				ALWAYS_EMBED_SWIFT_STANDARD_LIBRARIES = YES;
				BUNDLE_LOADER = "$(TEST_HOST)";
				CODE_SIGN_STYLE = Automatic;
				DEVELOPMENT_TEAM = 57DL29L85C;
				INFOPLIST_FILE = testGitTests/Info.plist;
				LD_RUNPATH_SEARCH_PATHS = (
					"$(inherited)",
					"@executable_path/Frameworks",
					"@loader_path/Frameworks",
				);
				PRODUCT_BUNDLE_IDENTIFIER = krlldln.testGitTests;
				PRODUCT_NAME = "$(TARGET_NAME)";
				SWIFT_VERSION = 4.0;
				TARGETED_DEVICE_FAMILY = "1,2";
				TEST_HOST = "$(BUILT_PRODUCTS_DIR)/testGit.app/testGit";
			};
			name = Debug;
		};
		ED25ED67217518C300696691 /* Release */ = {
			isa = XCBuildConfiguration;
			buildSettings = {
				ALWAYS_EMBED_SWIFT_STANDARD_LIBRARIES = YES;
				BUNDLE_LOADER = "$(TEST_HOST)";
				CODE_SIGN_STYLE = Automatic;
				DEVELOPMENT_TEAM = 57DL29L85C;
				INFOPLIST_FILE = testGitTests/Info.plist;
				LD_RUNPATH_SEARCH_PATHS = (
					"$(inherited)",
					"@executable_path/Frameworks",
					"@loader_path/Frameworks",
				);
				PRODUCT_BUNDLE_IDENTIFIER = krlldln.testGitTests;
				PRODUCT_NAME = "$(TARGET_NAME)";
				SWIFT_VERSION = 4.0;
				TARGETED_DEVICE_FAMILY = "1,2";
				TEST_HOST = "$(BUILT_PRODUCTS_DIR)/testGit.app/testGit";
			};
			name = Release;
		};
		ED25ED69217518C300696691 /* Debug */ = {
			isa = XCBuildConfiguration;
			buildSettings = {
				ALWAYS_EMBED_SWIFT_STANDARD_LIBRARIES = YES;
				CODE_SIGN_STYLE = Automatic;
				DEVELOPMENT_TEAM = 57DL29L85C;
				INFOPLIST_FILE = testGitUITests/Info.plist;
				LD_RUNPATH_SEARCH_PATHS = (
					"$(inherited)",
					"@executable_path/Frameworks",
					"@loader_path/Frameworks",
				);
				PRODUCT_BUNDLE_IDENTIFIER = krlldln.testGitUITests;
				PRODUCT_NAME = "$(TARGET_NAME)";
				SWIFT_VERSION = 4.0;
				TARGETED_DEVICE_FAMILY = "1,2";
				TEST_TARGET_NAME = testGit;
			};
			name = Debug;
		};
		ED25ED6A217518C300696691 /* Release */ = {
			isa = XCBuildConfiguration;
			buildSettings = {
				ALWAYS_EMBED_SWIFT_STANDARD_LIBRARIES = YES;
				CODE_SIGN_STYLE = Automatic;
				DEVELOPMENT_TEAM = 57DL29L85C;
				INFOPLIST_FILE = testGitUITests/Info.plist;
				LD_RUNPATH_SEARCH_PATHS = (
					"$(inherited)",
					"@executable_path/Frameworks",
					"@loader_path/Frameworks",
				);
				PRODUCT_BUNDLE_IDENTIFIER = krlldln.testGitUITests;
				PRODUCT_NAME = "$(TARGET_NAME)";
				SWIFT_VERSION = 4.0;
				TARGETED_DEVICE_FAMILY = "1,2";
				TEST_TARGET_NAME = testGit;
			};
			name = Release;
		};
/* End XCBuildConfiguration section */

/* Begin XCConfigurationList section */
		ED25ED35217518BD00696691 /* Build configuration list for PBXProject "testGit" */ = {
			isa = XCConfigurationList;
			buildConfigurations = (
				ED25ED60217518C300696691 /* Debug */,
				ED25ED61217518C300696691 /* Release */,
			);
			defaultConfigurationIsVisible = 0;
			defaultConfigurationName = Release;
		};
		ED25ED62217518C300696691 /* Build configuration list for PBXNativeTarget "testGit" */ = {
			isa = XCConfigurationList;
			buildConfigurations = (
				ED25ED63217518C300696691 /* Debug */,
				ED25ED64217518C300696691 /* Release */,
			);
			defaultConfigurationIsVisible = 0;
			defaultConfigurationName = Release;
		};
		ED25ED65217518C300696691 /* Build configuration list for PBXNativeTarget "testGitTests" */ = {
			isa = XCConfigurationList;
			buildConfigurations = (
				ED25ED66217518C300696691 /* Debug */,
				ED25ED67217518C300696691 /* Release */,
			);
			defaultConfigurationIsVisible = 0;
			defaultConfigurationName = Release;
		};
		ED25ED68217518C300696691 /* Build configuration list for PBXNativeTarget "testGitUITests" */ = {
			isa = XCConfigurationList;
			buildConfigurations = (
				ED25ED69217518C300696691 /* Debug */,
				ED25ED6A217518C300696691 /* Release */,
			);
			defaultConfigurationIsVisible = 0;
			defaultConfigurationName = Release;
		};
/* End XCConfigurationList section */
	};
	rootObject = ED25ED32217518BD00696691 /* Project object */;
}
